# THIS IS AN AUTOGENERATED FILE. DO NOT EDIT THIS FILE DIRECTLY.
# yarn lockfile v1


"@reactivex/rxjs@^5.4.1":
  version "5.4.3"
  resolved "https://registry.yarnpkg.com/@reactivex/rxjs/-/rxjs-5.4.3.tgz#d28f83ed19f10cf4bc9dc84db3c424788a1c541e"
  dependencies:
    symbol-observable "^1.0.1"

"@types/lodash@^4.14.68":
  version "4.14.74"
  resolved "https://registry.yarnpkg.com/@types/lodash/-/lodash-4.14.74.tgz#ac3bd8db988e7f7038e5d22bd76a7ba13f876168"

"@types/node@^8.0.7":
  version "8.0.28"
  resolved "https://registry.yarnpkg.com/@types/node/-/node-8.0.28.tgz#86206716f8d9251cf41692e384264cbd7058ad60"

"@types/xregexp@^3.0.28":
  version "3.0.29"
  resolved "https://registry.yarnpkg.com/@types/xregexp/-/xregexp-3.0.29.tgz#9f2f819712ab41fd8b434036ec4b14cbb9dbe654"

eventline@^0.2.13:
  version "0.2.13"
  resolved "https://registry.yarnpkg.com/eventline/-/eventline-0.2.13.tgz#82ca9d068d505ad749d2dd47dac3695527747e6d"
  dependencies:
    "@reactivex/rxjs" "^5.4.1"
    "@types/lodash" "^4.14.68"
    "@types/node" "^8.0.7"
    "@types/xregexp" "^3.0.28"
    lodash "^4.17.4"
    rxjs "^5.4.1"
    tslib "^1.6.0"
    xregexp "^3.2.0"

lodash@^4.17.4:
  version "4.17.4"
  resolved "https://registry.yarnpkg.com/lodash/-/lodash-4.17.4.tgz#78203a4d1c328ae1d86dca6460e369b57f4055ae"

rxjs@^5.4.1, rxjs@^5.4.3:
  version "5.4.3"
  resolved "https://registry.yarnpkg.com/rxjs/-/rxjs-5.4.3.tgz#0758cddee6033d68e0fd53676f0f3596ce3d483f"
  dependencies:
    symbol-observable "^1.0.1"

symbol-observable@^1.0.1:
  version "1.0.4"
  resolved "https://registry.yarnpkg.com/symbol-observable/-/symbol-observable-1.0.4.tgz#29bf615d4aa7121bdd898b22d4b3f9bc4e2aa03d"

tslib@^1.6.0:
  version "1.7.1"
  resolved "https://registry.yarnpkg.com/tslib/-/tslib-1.7.1.tgz#bc8004164691923a79fe8378bbeb3da2017538ec"

xregexp@^3.2.0:
  version "3.2.0"
  resolved "https://registry.yarnpkg.com/xregexp/-/xregexp-3.2.0.tgz#cb3601987bfe2695b584000c18f1c4a8c322878e"
